<?xml version="1.0" encoding="utf-8"?>
<Project ToolsVersion="4.0" xmlns="http://schemas.microsoft.com/developer/msbuild/2003">
  <ItemGroup>
    <Filter Include="Source Files">
      <UniqueIdentifier>{4FC737F1-C7A5-4376-A066-2A32D752A2FF}</UniqueIdentifier>
      <Extensions>cpp;c;cc;cxx;def;odl;idl;hpj;bat;asm;asmx</Extensions>
    </Filter>
    <Filter Include="Header Files">
      <UniqueIdentifier>{93995380-89BD-4b04-88EB-625FBE52EBFB}</UniqueIdentifier>
      <Extensions>h;hpp;hxx;hm;inl;inc;xsd</Extensions>
    </Filter>
    <Filter Include="Resource Files">
      <UniqueIdentifier>{67DA6AB6-F800-4c08-8B7A-83BB121AAD01}</UniqueIdentifier>
      <Extensions>rc;ico;cur;bmp;dlg;rc2;rct;bin;rgs;gif;jpg;jpeg;jpe;resx;tiff;tif;png;wav;mfcribbon-ms</Extensions>
    </Filter>
    <Filter Include="Header Files\Game">
      <UniqueIdentifier>{d4bbeae1-240e-44c9-8c74-ec8d02ae6693}</UniqueIdentifier>
    </Filter>
    <Filter Include="Source Files\Game">
      <UniqueIdentifier>{e7120b3c-5a1d-4a50-9b07-6a8be9c0c206}</UniqueIdentifier>
    </Filter>
    <Filter Include="Header Files\Game\Level">
      <UniqueIdentifier>{ff8cf38e-cd70-411e-8da3-ed80b7c9c87a}</UniqueIdentifier>
    </Filter>
    <Filter Include="Source Files\Game\Level">
      <UniqueIdentifier>{5e41bdc3-0c83-4725-9084-f3a4c9bc83c9}</UniqueIdentifier>
    </Filter>
    <Filter Include="Header Files\Framework">
      <UniqueIdentifier>{2338ea16-e90b-4b02-aa44-5297f8f7593d}</UniqueIdentifier>
    </Filter>
    <Filter Include="Source Files\Framework">
      <UniqueIdentifier>{78e88c7e-4972-445b-b109-a2bd46d153d9}</UniqueIdentifier>
    </Filter>
    <Filter Include="Header Files\Game\Entity">
      <UniqueIdentifier>{14ada642-7cb5-4d88-95b5-7322ff4295f8}</UniqueIdentifier>
    </Filter>
    <Filter Include="Header Files\Game\Entity\Character">
      <UniqueIdentifier>{7a25b8df-9cf0-42aa-a773-b907d09da757}</UniqueIdentifier>
    </Filter>
    <Filter Include="Header Files\Game\Entity\Player">
      <UniqueIdentifier>{4879807e-0b63-48fb-8a28-79a82c66c209}</UniqueIdentifier>
    </Filter>
    <Filter Include="Source Files\Game\Entity">
      <UniqueIdentifier>{86ad78ab-62b5-4dcb-8985-136f335ebf2a}</UniqueIdentifier>
    </Filter>
    <Filter Include="Source Files\Game\Entity\Character">
      <UniqueIdentifier>{2d388440-5251-425a-9e4d-3517d4281b10}</UniqueIdentifier>
    </Filter>
    <Filter Include="Source Files\Game\Entity\Player">
      <UniqueIdentifier>{70097fd5-a471-4c92-9d4f-06440dbaa1eb}</UniqueIdentifier>
    </Filter>
  </ItemGroup>
  <ItemGroup>
    <ClCompile Include="main.cpp">
      <Filter>Source Files</Filter>
    </ClCompile>
    <ClCompile Include="Game\Level\Level.cpp">
      <Filter>Source Files\Game\Level</Filter>
    </ClCompile>
    <ClCompile Include="Game\Game.cpp">
      <Filter>Source Files\Game</Filter>
    </ClCompile>
    <ClCompile Include="Framework\OgreFW.cpp">
      <Filter>Source Files\Framework</Filter>
    </ClCompile>
    <ClCompile Include="Game\Entity\Player\RenderableChar.cpp">
      <Filter>Source Files\Game\Entity\Player</Filter>
    </ClCompile>
    <ClCompile Include="Game\Entity\Character\Character.cpp">
      <Filter>Source Files\Game\Entity\Character</Filter>
    </ClCompile>
    <ClCompile Include="Game\Level\LevelBlock.cpp">
      <Filter>Source Files</Filter>
    </ClCompile>
    <ClCompile Include="Game\Level\RenderableLevelObject.cpp">
      <Filter>Source Files</Filter>
    </ClCompile>
    <ClCompile Include="Network\Session.cpp">
      <Filter>Source Files</Filter>
    </ClCompile>
    <ClCompile Include="Network\RPC3.cpp">
      <Filter>Source Files</Filter>
    </ClCompile>
    <ClCompile Include="Game\Entity\CollisionHandler.cpp">
      <Filter>Source Files</Filter>
    </ClCompile>
    <ClCompile Include="Game\Entity\RenderableMovingObject.cpp">
      <Filter>Source Files</Filter>
    </ClCompile>
    <ClCompile Include="Game\Entity\RenderableObject.cpp">
      <Filter>Source Files</Filter>
    </ClCompile>
    <ClCompile Include="Game\Entity\RenderableStaticObject.cpp">
      <Filter>Source Files</Filter>
    </ClCompile>
    <ClCompile Include="Game\Level\Material\LevelMaterial.cpp">
      <Filter>Source Files</Filter>
    </ClCompile>
    <ClCompile Include="Sound\Engine\SoundEngine.cpp">
      <Filter>Source Files</Filter>
    </ClCompile>
    <ClCompile Include="Game\Level\RandomLevelFactory.cpp">
      <Filter>Source Files</Filter>
    </ClCompile>
    <ClCompile Include="Game\Level\LevelFromFileFactory.cpp">
      <Filter>Source Files</Filter>
    </ClCompile>
    <ClCompile Include="Game\Score\ScoreManager.cpp">
      <Filter>Source Files</Filter>
    </ClCompile>
    <ClCompile Include="Network\Event\NetworkEvent.cpp">
      <Filter>Source Files</Filter>
    </ClCompile>
    <ClCompile Include="Network\Event\ScoreEvent.cpp">
      <Filter>Source Files</Filter>
    </ClCompile>
    <ClCompile Include="Network\Event\NetworkEventManager.cpp">
      <Filter>Source Files</Filter>
    </ClCompile>
    <ClCompile Include="Game\GameState.cpp">
      <Filter>Source Files</Filter>
    </ClCompile>
    <ClCompile Include="Game\EffectsFactory.cpp">
      <Filter>Source Files</Filter>
    </ClCompile>
  </ItemGroup>
  <ItemGroup>
    <ClInclude Include="Game\Game.h">
      <Filter>Header Files\Game</Filter>
    </ClInclude>
    <ClInclude Include="Game\Level\Level.h">
      <Filter>Header Files\Game\Level</Filter>
    </ClInclude>
    <ClInclude Include="Framework\OgreFW.h">
      <Filter>Header Files\Framework</Filter>
    </ClInclude>
    <ClInclude Include="Game\Entity\Player\RenderableChar.h">
      <Filter>Header Files\Game\Entity\Player</Filter>
    </ClInclude>
    <ClInclude Include="Game\Entity\Character\Character.h">
      <Filter>Header Files\Game\Entity\Character</Filter>
    </ClInclude>
    <ClInclude Include="game\level\renderablelevelobject.h">
      <Filter>Header Files</Filter>
    </ClInclude>
    <ClInclude Include="game\level\levelblock.h">
      <Filter>Header Files</Filter>
    </ClInclude>
    <ClInclude Include="Game\Level\RenderableLevel.h">
      <Filter>Header Files</Filter>
    </ClInclude>
    <ClInclude Include="Network\Session.h">
      <Filter>Header Files</Filter>
    </ClInclude>
    <ClInclude Include="Network\RPC3.h">
      <Filter>Header Files</Filter>
    </ClInclude>
    <ClInclude Include="Network\RPC3_Boost.h">
      <Filter>Header Files</Filter>
    </ClInclude>
    <ClInclude Include="Game\Entity\CollisionHandler.h">
      <Filter>Header Files</Filter>
    </ClInclude>
    <ClInclude Include="Game\Entity\CollisionObject.h">
      <Filter>Header Files</Filter>
    </ClInclude>
    <ClInclude Include="Game\Entity\Renderablemovingobject.h">
      <Filter>Header Files</Filter>
    </ClInclude>
    <ClInclude Include="Game\Entity\RenderableObject.h">
      <Filter>Header Files</Filter>
    </ClInclude>
    <ClInclude Include="Game\Entity\RenderableStaticObject.h">
      <Filter>Header Files</Filter>
    </ClInclude>
    <ClInclude Include="Game\Level\Material\LevelMaterial.h">
      <Filter>Header Files</Filter>
    </ClInclude>
    <ClInclude Include="Sound\Engine\SoundEngine.h">
      <Filter>Header Files</Filter>
    </ClInclude>
    <ClInclude Include="Game\Level\Material\CollisionMaterial.h">
      <Filter>Header Files</Filter>
    </ClInclude>
    <ClInclude Include="game\level\levelfactory.h">
      <Filter>Header Files</Filter>
    </ClInclude>
    <ClInclude Include="Game\Level\LevelFromFileFactory.h">
      <Filter>Header Files</Filter>
    </ClInclude>
    <ClInclude Include="Game\Level\RandomLevelFactory.h">
      <Filter>Header Files</Filter>
    </ClInclude>
    <ClInclude Include="Game\Score\ScoreManager.h">
      <Filter>Header Files</Filter>
    </ClInclude>
    <ClInclude Include="Network\Event\NetworkEvent.h">
      <Filter>Header Files</Filter>
    </ClInclude>
    <ClInclude Include="Network\Event\ScoreEvent.h">
      <Filter>Header Files</Filter>
    </ClInclude>
    <ClInclude Include="Network\Event\NetworkEventManager.h">
      <Filter>Header Files</Filter>
    </ClInclude>
    <ClInclude Include="Network\Event\NetworkEventListener.h">
      <Filter>Header Files</Filter>
    </ClInclude>
    <ClInclude Include="game\gamestate.h">
      <Filter>Header Files</Filter>
    </ClInclude>
    <ClInclude Include="Game\Level\Factory.h">
      <Filter>Header Files</Filter>
    </ClInclude>
    <ClInclude Include="Game\EffectsFactory.h">
      <Filter>Header Files</Filter>
    </ClInclude>
    <ClInclude Include="Game\Level\Factory.h">
      <Filter>Header Files</Filter>
    </ClInclude>
  </ItemGroup>
  <ItemGroup>
    <None Include="sounds\Jump.wav">
      <Filter>Resource Files</Filter>
    </None>
    <None Include="ClassDiagram1.cd" />
  </ItemGroup>
</Project>